{
  "name": "angularjstutorial",
  "version": "1.0.0",
  "lockfileVersion": 1,
  "requires": true,
  "dependencies": {
    "angular-local-storage": {
      "version": "0.7.1",
      "resolved": "https://registry.npmjs.org/angular-local-storage/-/angular-local-storage-0.7.1.tgz",
      "integrity": "sha1-+9JzB2PCn6mvVyXgGGx4BiHozdI="
    },
    "ngstorage": {
      "version": "0.3.11",
      "resolved": "https://registry.npmjs.org/ngstorage/-/ngstorage-0.3.11.tgz",
      "integrity": "sha1-FjfEW4ctkJ2cx+GLN0iY1QsuhE8="
    }
  }
}
